// !$*UTF8*$!
{
	archiveVersion = 1;
	classes = {
	};
	objectVersion = 56;
	objects = {

/* Begin PBXBuildFile section */
		1141016F2C881D9900768D2B /* _DViewerApp.swift in Sources */ = {isa = PBXBuildFile; fileRef = 1141016E2C881D9900768D2B /* _DViewerApp.swift */; };
		114101732C881D9A00768D2B /* Assets.xcassets in Resources */ = {isa = PBXBuildFile; fileRef = 114101722C881D9A00768D2B /* Assets.xcassets */; };
		1141019B2C881EA800768D2B /* ModelData.swift in Sources */ = {isa = PBXBuildFile; fileRef = 1141019A2C881EA800768D2B /* ModelData.swift */; };
		1141019F2C881ED400768D2B /* ModelViewModel.swift in Sources */ = {isa = PBXBuildFile; fileRef = 1141019E2C881ED400768D2B /* ModelViewModel.swift */; };
		114101A22C881F0000768D2B /* ModelView.swift in Sources */ = {isa = PBXBuildFile; fileRef = 114101A12C881F0000768D2B /* ModelView.swift */; };
		114101A52C881FA200768D2B /* DocumentPickerHelper.swift in Sources */ = {isa = PBXBuildFile; fileRef = 114101A42C881FA200768D2B /* DocumentPickerHelper.swift */; };
		114101C92C88414D00768D2B /* Localizable.strings in Resources */ = {isa = PBXBuildFile; fileRef = 114101C72C88414D00768D2B /* Localizable.strings */; };
		114101CD2C88425E00768D2B /* SplashScreenView.swift in Sources */ = {isa = PBXBuildFile; fileRef = 114101CC2C88425E00768D2B /* SplashScreenView.swift */; };
/* End PBXBuildFile section */

/* Begin PBXContainerItemProxy section */
		1141017D2C881D9A00768D2B /* PBXContainerItemProxy */ = {
			isa = PBXContainerItemProxy;
			containerPortal = 114101632C881D9900768D2B /* Project object */;
			proxyType = 1;
			remoteGlobalIDString = 1141016A2C881D9900768D2B;
			remoteInfo = 3DViewer;
		};
		114101872C881D9A00768D2B /* PBXContainerItemProxy */ = {
			isa = PBXContainerItemProxy;
			containerPortal = 114101632C881D9900768D2B /* Project object */;
			proxyType = 1;
			remoteGlobalIDString = 1141016A2C881D9900768D2B;
			remoteInfo = 3DViewer;
		};
/* End PBXContainerItemProxy section */

/* Begin PBXFileReference section */
		1141016B2C881D9900768D2B /* 3DViewer.app */ = {isa = PBXFileReference; explicitFileType = wrapper.application; includeInIndex = 0; path = 3DViewer.app; sourceTree = BUILT_PRODUCTS_DIR; };
		1141016E2C881D9900768D2B /* _DViewerApp.swift */ = {isa = PBXFileReference; lastKnownFileType = sourcecode.swift; path = _DViewerApp.swift; sourceTree = "<group>"; };
		114101722C881D9A00768D2B /* Assets.xcassets */ = {isa = PBXFileReference; lastKnownFileType = folder.assetcatalog; path = Assets.xcassets; sourceTree = "<group>"; };
		1141017C2C881D9A00768D2B /* 3DViewerTests.xctest */ = {isa = PBXFileReference; explicitFileType = wrapper.cfbundle; includeInIndex = 0; path = 3DViewerTests.xctest; sourceTree = BUILT_PRODUCTS_DIR; };
		114101862C881D9A00768D2B /* 3DViewerUITests.xctest */ = {isa = PBXFileReference; explicitFileType = wrapper.cfbundle; includeInIndex = 0; path = 3DViewerUITests.xctest; sourceTree = BUILT_PRODUCTS_DIR; };
		1141019A2C881EA800768D2B /* ModelData.swift */ = {isa = PBXFileReference; lastKnownFileType = sourcecode.swift; path = ModelData.swift; sourceTree = "<group>"; };
		1141019E2C881ED400768D2B /* ModelViewModel.swift */ = {isa = PBXFileReference; lastKnownFileType = sourcecode.swift; path = ModelViewModel.swift; sourceTree = "<group>"; };
		114101A12C881F0000768D2B /* ModelView.swift */ = {isa = PBXFileReference; lastKnownFileType = sourcecode.swift; path = ModelView.swift; sourceTree = "<group>"; };
		114101A42C881FA200768D2B /* DocumentPickerHelper.swift */ = {isa = PBXFileReference; lastKnownFileType = sourcecode.swift; path = DocumentPickerHelper.swift; sourceTree = "<group>"; };
		114101C62C88414D00768D2B /* en */ = {isa = PBXFileReference; lastKnownFileType = text.plist.strings; name = en; path = en.lproj/Localizable.strings; sourceTree = "<group>"; };
		114101CA2C88415000768D2B /* ru */ = {isa = PBXFileReference; lastKnownFileType = text.plist.strings; name = ru; path = ru.lproj/Localizable.strings; sourceTree = "<group>"; };
		114101CB2C8841A400768D2B /* es */ = {isa = PBXFileReference; lastKnownFileType = text.plist.strings; name = es; path = es.lproj/Localizable.strings; sourceTree = "<group>"; };
		114101CC2C88425E00768D2B /* SplashScreenView.swift */ = {isa = PBXFileReference; lastKnownFileType = sourcecode.swift; path = SplashScreenView.swift; sourceTree = "<group>"; };
		114101CE2C88435200768D2B /* _DViewer.entitlements */ = {isa = PBXFileReference; fileEncoding = 4; lastKnownFileType = text.plist.entitlements; path = _DViewer.entitlements; sourceTree = "<group>"; };
/* End PBXFileReference section */

/* Begin PBXFrameworksBuildPhase section */
		114101682C881D9900768D2B /* Frameworks */ = {
			isa = PBXFrameworksBuildPhase;
			buildActionMask = 2147483647;
			files = (
			);
			runOnlyForDeploymentPostprocessing = 0;
		};
		114101792C881D9A00768D2B /* Frameworks */ = {
			isa = PBXFrameworksBuildPhase;
			buildActionMask = 2147483647;
			files = (
			);
			runOnlyForDeploymentPostprocessing = 0;
		};
		114101832C881D9A00768D2B /* Frameworks */ = {
			isa = PBXFrameworksBuildPhase;
			buildActionMask = 2147483647;
			files = (
			);
			runOnlyForDeploymentPostprocessing = 0;
		};
/* End PBXFrameworksBuildPhase section */

/* Begin PBXGroup section */
		114101622C881D9900768D2B = {
			isa = PBXGroup;
			children = (
				1141016D2C881D9900768D2B /* 3DViewer */,
				1141016C2C881D9900768D2B /* Products */,
			);
			sourceTree = "<group>";
		};
		1141016C2C881D9900768D2B /* Products */ = {
			isa = PBXGroup;
			children = (
				1141016B2C881D9900768D2B /* 3DViewer.app */,
				1141017C2C881D9A00768D2B /* 3DViewerTests.xctest */,
				114101862C881D9A00768D2B /* 3DViewerUITests.xctest */,
			);
			name = Products;
			sourceTree = "<group>";
		};
		1141016D2C881D9900768D2B /* 3DViewer */ = {
			isa = PBXGroup;
			children = (
				114101D02C88445E00768D2B /* Entry */,
				114101CF2C88444C00768D2B /* Support */,
				114101C82C88414D00768D2B /* Localizable */,
				114101A32C881F8600768D2B /* Helpers */,
				1141019D2C881EB800768D2B /* Views */,
				1141019C2C881EAE00768D2B /* ViewModel */,
				114101992C881E5A00768D2B /* Model */,
			);
			path = 3DViewer;
			sourceTree = "<group>";
		};
		114101992C881E5A00768D2B /* Model */ = {
			isa = PBXGroup;
			children = (
				1141019A2C881EA800768D2B /* ModelData.swift */,
			);
			path = Model;
			sourceTree = "<group>";
		};
		1141019C2C881EAE00768D2B /* ViewModel */ = {
			isa = PBXGroup;
			children = (
				1141019E2C881ED400768D2B /* ModelViewModel.swift */,
			);
			path = ViewModel;
			sourceTree = "<group>";
		};
		1141019D2C881EB800768D2B /* Views */ = {
			isa = PBXGroup;
			children = (
				114101A12C881F0000768D2B /* ModelView.swift */,
			);
			path = Views;
			sourceTree = "<group>";
		};
		114101A32C881F8600768D2B /* Helpers */ = {
			isa = PBXGroup;
			children = (
				114101A42C881FA200768D2B /* DocumentPickerHelper.swift */,
			);
			path = Helpers;
			sourceTree = "<group>";
		};
		114101C82C88414D00768D2B /* Localizable */ = {
			isa = PBXGroup;
			children = (
				114101C72C88414D00768D2B /* Localizable.strings */,
			);
			path = Localizable;
			sourceTree = "<group>";
		};
		114101CF2C88444C00768D2B /* Support */ = {
			isa = PBXGroup;
			children = (
				114101CE2C88435200768D2B /* _DViewer.entitlements */,
				114101722C881D9A00768D2B /* Assets.xcassets */,
			);
			path = Support;
			sourceTree = "<group>";
		};
		114101D02C88445E00768D2B /* Entry */ = {
			isa = PBXGroup;
			children = (
				1141016E2C881D9900768D2B /* _DViewerApp.swift */,
				114101CC2C88425E00768D2B /* SplashScreenView.swift */,
			);
			path = Entry;
			sourceTree = "<group>";
		};
/* End PBXGroup section */

/* Begin PBXNativeTarget section */
		1141016A2C881D9900768D2B /* 3DViewer */ = {
			isa = PBXNativeTarget;
			buildConfigurationList = 114101902C881D9A00768D2B /* Build configuration list for PBXNativeTarget "3DViewer" */;
			buildPhases = (
				114101672C881D9900768D2B /* Sources */,
				114101682C881D9900768D2B /* Frameworks */,
				114101692C881D9900768D2B /* Resources */,
			);
			buildRules = (
			);
			dependencies = (
			);
			name = 3DViewer;
			productName = 3DViewer;
			productReference = 1141016B2C881D9900768D2B /* 3DViewer.app */;
			productType = "com.apple.product-type.application";
		};
		1141017B2C881D9A00768D2B /* 3DViewerTests */ = {
			isa = PBXNativeTarget;
			buildConfigurationList = 114101932C881D9A00768D2B /* Build configuration list for PBXNativeTarget "3DViewerTests" */;
			buildPhases = (
				114101782C881D9A00768D2B /* Sources */,
				114101792C881D9A00768D2B /* Frameworks */,
				1141017A2C881D9A00768D2B /* Resources */,
			);
			buildRules = (
			);
			dependencies = (
				1141017E2C881D9A00768D2B /* PBXTargetDependency */,
			);
			name = 3DViewerTests;
			productName = 3DViewerTests;
			productReference = 1141017C2C881D9A00768D2B /* 3DViewerTests.xctest */;
			productType = "com.apple.product-type.bundle.unit-test";
		};
		114101852C881D9A00768D2B /* 3DViewerUITests */ = {
			isa = PBXNativeTarget;
			buildConfigurationList = 114101962C881D9A00768D2B /* Build configuration list for PBXNativeTarget "3DViewerUITests" */;
			buildPhases = (
				114101822C881D9A00768D2B /* Sources */,
				114101832C881D9A00768D2B /* Frameworks */,
				114101842C881D9A00768D2B /* Resources */,
			);
			buildRules = (
			);
			dependencies = (
				114101882C881D9A00768D2B /* PBXTargetDependency */,
			);
			name = 3DViewerUITests;
			productName = 3DViewerUITests;
			productReference = 114101862C881D9A00768D2B /* 3DViewerUITests.xctest */;
			productType = "com.apple.product-type.bundle.ui-testing";
		};
/* End PBXNativeTarget section */

/* Begin PBXProject section */
		114101632C881D9900768D2B /* Project object */ = {
			isa = PBXProject;
			attributes = {
				BuildIndependentTargetsInParallel = 1;
				LastSwiftUpdateCheck = 1540;
				LastUpgradeCheck = 1540;
				TargetAttributes = {
					1141016A2C881D9900768D2B = {
						CreatedOnToolsVersion = 15.4;
					};
					1141017B2C881D9A00768D2B = {
						CreatedOnToolsVersion = 15.4;
						TestTargetID = 1141016A2C881D9900768D2B;
					};
					114101852C881D9A00768D2B = {
						CreatedOnToolsVersion = 15.4;
						TestTargetID = 1141016A2C881D9900768D2B;
					};
				};
			};
			buildConfigurationList = 114101662C881D9900768D2B /* Build configuration list for PBXProject "3DViewer" */;
			compatibilityVersion = "Xcode 14.0";
			developmentRegion = en;
			hasScannedForEncodings = 0;
			knownRegions = (
				en,
				Base,
				ru,
				es,
			);
			mainGroup = 114101622C881D9900768D2B;
			productRefGroup = 1141016C2C881D9900768D2B /* Products */;
			projectDirPath = "";
			projectRoot = "";
			targets = (
				1141016A2C881D9900768D2B /* 3DViewer */,
				1141017B2C881D9A00768D2B /* 3DViewerTests */,
				114101852C881D9A00768D2B /* 3DViewerUITests */,
			);
		};
/* End PBXProject section */

/* Begin PBXResourcesBuildPhase section */
		114101692C881D9900768D2B /* Resources */ = {
			isa = PBXResourcesBuildPhase;
			buildActionMask = 2147483647;
			files = (
				114101732C881D9A00768D2B /* Assets.xcassets in Resources */,
				114101C92C88414D00768D2B /* Localizable.strings in Resources */,
			);
			runOnlyForDeploymentPostprocessing = 0;
		};
		1141017A2C881D9A00768D2B /* Resources */ = {
			isa = PBXResourcesBuildPhase;
			buildActionMask = 2147483647;
			files = (
			);
			runOnlyForDeploymentPostprocessing = 0;
		};
		114101842C881D9A00768D2B /* Resources */ = {
			isa = PBXResourcesBuildPhase;
			buildActionMask = 2147483647;
			files = (
			);
			runOnlyForDeploymentPostprocessing = 0;
		};
/* End PBXResourcesBuildPhase section */

/* Begin PBXSourcesBuildPhase section */
		114101672C881D9900768D2B /* Sources */ = {
			isa = PBXSourcesBuildPhase;
			buildActionMask = 2147483647;
			files = (
				114101A22C881F0000768D2B /* ModelView.swift in Sources */,
				1141019F2C881ED400768D2B /* ModelViewModel.swift in Sources */,
				1141016F2C881D9900768D2B /* _DViewerApp.swift in Sources */,
				114101A52C881FA200768D2B /* DocumentPickerHelper.swift in Sources */,
				1141019B2C881EA800768D2B /* ModelData.swift in Sources */,
				114101CD2C88425E00768D2B /* SplashScreenView.swift in Sources */,
			);
			runOnlyForDeploymentPostprocessing = 0;
		};
		114101782C881D9A00768D2B /* Sources */ = {
			isa = PBXSourcesBuildPhase;
			buildActionMask = 2147483647;
			files = (
			);
			runOnlyForDeploymentPostprocessing = 0;
		};
		114101822C881D9A00768D2B /* Sources */ = {
			isa = PBXSourcesBuildPhase;
			buildActionMask = 2147483647;
			files = (
			);
			runOnlyForDeploymentPostprocessing = 0;
		};
/* End PBXSourcesBuildPhase section */

/* Begin PBXTargetDependency section */
		1141017E2C881D9A00768D2B /* PBXTargetDependency */ = {
			isa = PBXTargetDependency;
			target = 1141016A2C881D9900768D2B /* 3DViewer */;
			targetProxy = 1141017D2C881D9A00768D2B /* PBXContainerItemProxy */;
		};
		114101882C881D9A00768D2B /* PBXTargetDependency */ = {
			isa = PBXTargetDependency;
			target = 1141016A2C881D9900768D2B /* 3DViewer */;
			targetProxy = 114101872C881D9A00768D2B /* PBXContainerItemProxy */;
		};
/* End PBXTargetDependency section */

/* Begin PBXVariantGroup section */
		114101C72C88414D00768D2B /* Localizable.strings */ = {
			isa = PBXVariantGroup;
			children = (
				114101C62C88414D00768D2B /* en */,
				114101CA2C88415000768D2B /* ru */,
				114101CB2C8841A400768D2B /* es */,
			);
			name = Localizable.strings;
			sourceTree = "<group>";
		};
/* End PBXVariantGroup section */

/* Begin XCBuildConfiguration section */
		1141018E2C881D9A00768D2B /* Debug */ = {
			isa = XCBuildConfiguration;
			buildSettings = {
				ALWAYS_SEARCH_USER_PATHS = NO;
				ASSETCATALOG_COMPILER_GENERATE_SWIFT_ASSET_SYMBOL_EXTENSIONS = YES;
				CLANG_ANALYZER_NONNULL = YES;
				CLANG_ANALYZER_NUMBER_OBJECT_CONVERSION = YES_AGGRESSIVE;
				CLANG_CXX_LANGUAGE_STANDARD = "gnu++20";
				CLANG_ENABLE_MODULES = YES;
				CLANG_ENABLE_OBJC_ARC = YES;
				CLANG_ENABLE_OBJC_WEAK = YES;
				CLANG_WARN_BLOCK_CAPTURE_AUTORELEASING = YES;
				CLANG_WARN_BOOL_CONVERSION = YES;
				CLANG_WARN_COMMA = YES;
				CLANG_WARN_CONSTANT_CONVERSION = YES;
				CLANG_WARN_DEPRECATED_OBJC_IMPLEMENTATIONS = YES;
				CLANG_WARN_DIRECT_OBJC_ISA_USAGE = YES_ERROR;
				CLANG_WARN_DOCUMENTATION_COMMENTS = YES;
				CLANG_WARN_EMPTY_BODY = YES;
				CLANG_WARN_ENUM_CONVERSION = YES;
				CLANG_WARN_INFINITE_RECURSION = YES;
				CLANG_WARN_INT_CONVERSION = YES;
				CLANG_WARN_NON_LITERAL_NULL_CONVERSION = YES;
				CLANG_WARN_OBJC_IMPLICIT_RETAIN_SELF = YES;
				CLANG_WARN_OBJC_LITERAL_CONVERSION = YES;
				CLANG_WARN_OBJC_ROOT_CLASS = YES_ERROR;
				CLANG_WARN_QUOTED_INCLUDE_IN_FRAMEWORK_HEADER = YES;
				CLANG_WARN_RANGE_LOOP_ANALYSIS = YES;
				CLANG_WARN_STRICT_PROTOTYPES = YES;
				CLANG_WARN_SUSPICIOUS_MOVE = YES;
				CLANG_WARN_UNGUARDED_AVAILABILITY = YES_AGGRESSIVE;
				CLANG_WARN_UNREACHABLE_CODE = YES;
				CLANG_WARN__DUPLICATE_METHOD_MATCH = YES;
				COPY_PHASE_STRIP = NO;
				DEBUG_INFORMATION_FORMAT = dwarf;
				ENABLE_STRICT_OBJC_MSGSEND = YES;
				ENABLE_TESTABILITY = YES;
				ENABLE_USER_SCRIPT_SANDBOXING = YES;
				GCC_C_LANGUAGE_STANDARD = gnu17;
				GCC_DYNAMIC_NO_PIC = NO;
				GCC_NO_COMMON_BLOCKS = YES;
				GCC_OPTIMIZATION_LEVEL = 0;
				GCC_PREPROCESSOR_DEFINITIONS = (
					"DEBUG=1",
					"$(inherited)",
				);
				GCC_WARN_64_TO_32_BIT_CONVERSION = YES;
				GCC_WARN_ABOUT_RETURN_TYPE = YES_ERROR;
				GCC_WARN_UNDECLARED_SELECTOR = YES;
				GCC_WARN_UNINITIALIZED_AUTOS = YES_AGGRESSIVE;
				GCC_WARN_UNUSED_FUNCTION = YES;
				GCC_WARN_UNUSED_VARIABLE = YES;
				LOCALIZATION_PREFERS_STRING_CATALOGS = YES;
				MTL_ENABLE_DEBUG_INFO = INCLUDE_SOURCE;
				MTL_FAST_MATH = YES;
				ONLY_ACTIVE_ARCH = YES;
				SWIFT_ACTIVE_COMPILATION_CONDITIONS = "DEBUG $(inherited)";
				SWIFT_OPTIMIZATION_LEVEL = "-Onone";
			};
			name = Debug;
		};
		1141018F2C881D9A00768D2B /* Release */ = {
			isa = XCBuildConfiguration;
			buildSettings = {
				ALWAYS_SEARCH_USER_PATHS = NO;
				ASSETCATALOG_COMPILER_GENERATE_SWIFT_ASSET_SYMBOL_EXTENSIONS = YES;
				CLANG_ANALYZER_NONNULL = YES;
				CLANG_ANALYZER_NUMBER_OBJECT_CONVERSION = YES_AGGRESSIVE;
				CLANG_CXX_LANGUAGE_STANDARD = "gnu++20";
				CLANG_ENABLE_MODULES = YES;
				CLANG_ENABLE_OBJC_ARC = YES;
				CLANG_ENABLE_OBJC_WEAK = YES;
				CLANG_WARN_BLOCK_CAPTURE_AUTORELEASING = YES;
				CLANG_WARN_BOOL_CONVERSION = YES;
				CLANG_WARN_COMMA = YES;
				CLANG_WARN_CONSTANT_CONVERSION = YES;
				CLANG_WARN_DEPRECATED_OBJC_IMPLEMENTATIONS = YES;
				CLANG_WARN_DIRECT_OBJC_ISA_USAGE = YES_ERROR;
				CLANG_WARN_DOCUMENTATION_COMMENTS = YES;
				CLANG_WARN_EMPTY_BODY = YES;
				CLANG_WARN_ENUM_CONVERSION = YES;
				CLANG_WARN_INFINITE_RECURSION = YES;
				CLANG_WARN_INT_CONVERSION = YES;
				CLANG_WARN_NON_LITERAL_NULL_CONVERSION = YES;
				CLANG_WARN_OBJC_IMPLICIT_RETAIN_SELF = YES;
				CLANG_WARN_OBJC_LITERAL_CONVERSION = YES;
				CLANG_WARN_OBJC_ROOT_CLASS = YES_ERROR;
				CLANG_WARN_QUOTED_INCLUDE_IN_FRAMEWORK_HEADER = YES;
				CLANG_WARN_RANGE_LOOP_ANALYSIS = YES;
				CLANG_WARN_STRICT_PROTOTYPES = YES;
				CLANG_WARN_SUSPICIOUS_MOVE = YES;
				CLANG_WARN_UNGUARDED_AVAILABILITY = YES_AGGRESSIVE;
				CLANG_WARN_UNREACHABLE_CODE = YES;
				CLANG_WARN__DUPLICATE_METHOD_MATCH = YES;
				COPY_PHASE_STRIP = NO;
				DEBUG_INFORMATION_FORMAT = "dwarf-with-dsym";
				ENABLE_NS_ASSERTIONS = NO;
				ENABLE_STRICT_OBJC_MSGSEND = YES;
				ENABLE_USER_SCRIPT_SANDBOXING = YES;
				GCC_C_LANGUAGE_STANDARD = gnu17;
				GCC_NO_COMMON_BLOCKS = YES;
				GCC_WARN_64_TO_32_BIT_CONVERSION = YES;
				GCC_WARN_ABOUT_RETURN_TYPE = YES_ERROR;
				GCC_WARN_UNDECLARED_SELECTOR = YES;
				GCC_WARN_UNINITIALIZED_AUTOS = YES_AGGRESSIVE;
				GCC_WARN_UNUSED_FUNCTION = YES;
				GCC_WARN_UNUSED_VARIABLE = YES;
				LOCALIZATION_PREFERS_STRING_CATALOGS = YES;
				MTL_ENABLE_DEBUG_INFO = NO;
				MTL_FAST_MATH = YES;
				SWIFT_COMPILATION_MODE = wholemodule;
			};
			name = Release;
		};
		114101912C881D9A00768D2B /* Debug */ = {
			isa = XCBuildConfiguration;
			buildSettings = {
				ASSETCATALOG_COMPILER_APPICON_NAME = AppIcon;
				ASSETCATALOG_COMPILER_GLOBAL_ACCENT_COLOR_NAME = AccentColor;
				CODE_SIGN_ENTITLEMENTS = 3DViewer/_DViewer.entitlements;
				CODE_SIGN_STYLE = Automatic;
				CURRENT_PROJECT_VERSION = 1;
				DEVELOPMENT_TEAM = 9RT599643X;
				ENABLE_HARDENED_RUNTIME = YES;
				ENABLE_PREVIEWS = YES;
				GENERATE_INFOPLIST_FILE = YES;
				INFOPLIST_KEY_CFBundleDisplayName = 3DViewer;
				"INFOPLIST_KEY_UIApplicationSceneManifest_Generation[sdk=iphoneos*]" = YES;
				"INFOPLIST_KEY_UIApplicationSceneManifest_Generation[sdk=iphonesimulator*]" = YES;
				"INFOPLIST_KEY_UIApplicationSupportsIndirectInputEvents[sdk=iphoneos*]" = YES;
				"INFOPLIST_KEY_UIApplicationSupportsIndirectInputEvents[sdk=iphonesimulator*]" = YES;
				"INFOPLIST_KEY_UILaunchScreen_Generation[sdk=iphoneos*]" = YES;
				"INFOPLIST_KEY_UILaunchScreen_Generation[sdk=iphonesimulator*]" = YES;
				"INFOPLIST_KEY_UIStatusBarStyle[sdk=iphoneos*]" = UIStatusBarStyleDefault;
				"INFOPLIST_KEY_UIStatusBarStyle[sdk=iphonesimulator*]" = UIStatusBarStyleDefault;
				INFOPLIST_KEY_UISupportedInterfaceOrientations_iPad = "UIInterfaceOrientationPortrait UIInterfaceOrientationPortraitUpsideDown UIInterfaceOrientationLandscapeLeft UIInterfaceOrientationLandscapeRight";
				INFOPLIST_KEY_UISupportedInterfaceOrientations_iPhone = "UIInterfaceOrientationPortrait UIInterfaceOrientationLandscapeLeft UIInterfaceOrientationLandscapeRight";
				IPHONEOS_DEPLOYMENT_TARGET = 17.5;
				LD_RUNPATH_SEARCH_PATHS = "@executable_path/Frameworks";
				"LD_RUNPATH_SEARCH_PATHS[sdk=macosx*]" = "@executable_path/../Frameworks";
				MACOSX_DEPLOYMENT_TARGET = 14.4;
				MARKETING_VERSION = 1.0;
				PRODUCT_BUNDLE_IDENTIFIER = "lionshilov.-DViewer";
				PRODUCT_NAME = "$(TARGET_NAME)";
				SDKROOT = auto;
				SUPPORTED_PLATFORMS = "iphoneos iphonesimulator";
				SUPPORTS_MACCATALYST = NO;
				SWIFT_EMIT_LOC_STRINGS = YES;
				SWIFT_VERSION = 5.0;
				TARGETED_DEVICE_FAMILY = 1;
			};
			name = Debug;
		};
		114101922C881D9A00768D2B /* Release */ = {
			isa = XCBuildConfiguration;
			buildSettings = {
				ASSETCATALOG_COMPILER_APPICON_NAME = AppIcon;
				ASSETCATALOG_COMPILER_GLOBAL_ACCENT_COLOR_NAME = AccentColor;
				CODE_SIGN_ENTITLEMENTS = 3DViewer/_DViewer.entitlements;
				CODE_SIGN_STYLE = Automatic;
				CURRENT_PROJECT_VERSION = 1;
				DEVELOPMENT_TEAM = 9RT599643X;
				ENABLE_HARDENED_RUNTIME = YES;
				ENABLE_PREVIEWS = YES;
				GENERATE_INFOPLIST_FILE = YES;
				INFOPLIST_KEY_CFBundleDisplayName = 3DViewer;
				"INFOPLIST_KEY_UIApplicationSceneManifest_Generation[sdk=iphoneos*]" = YES;
				"INFOPLIST_KEY_UIApplicationSceneManifest_Generation[sdk=iphonesimulator*]" = YES;
				"INFOPLIST_KEY_UIApplicationSupportsIndirectInputEvents[sdk=iphoneos*]" = YES;
				"INFOPLIST_KEY_UIApplicationSupportsIndirectInputEvents[sdk=iphonesimulator*]" = YES;
				"INFOPLIST_KEY_UILaunchScreen_Generation[sdk=iphoneos*]" = YES;
				"INFOPLIST_KEY_UILaunchScreen_Generation[sdk=iphonesimulator*]" = YES;
				"INFOPLIST_KEY_UIStatusBarStyle[sdk=iphoneos*]" = UIStatusBarStyleDefault;
				"INFOPLIST_KEY_UIStatusBarStyle[sdk=iphonesimulator*]" = UIStatusBarStyleDefault;
				INFOPLIST_KEY_UISupportedInterfaceOrientations_iPad = "UIInterfaceOrientationPortrait UIInterfaceOrientationPortraitUpsideDown UIInterfaceOrientationLandscapeLeft UIInterfaceOrientationLandscapeRight";
				INFOPLIST_KEY_UISupportedInterfaceOrientations_iPhone = "UIInterfaceOrientationPortrait UIInterfaceOrientationLandscapeLeft UIInterfaceOrientationLandscapeRight";
				IPHONEOS_DEPLOYMENT_TARGET = 17.5;
				LD_RUNPATH_SEARCH_PATHS = "@executable_path/Frameworks";
				"LD_RUNPATH_SEARCH_PATHS[sdk=macosx*]" = "@executable_path/../Frameworks";
				MACOSX_DEPLOYMENT_TARGET = 14.4;
				MARKETING_VERSION = 1.0;
				PRODUCT_BUNDLE_IDENTIFIER = "lionshilov.-DViewer";
				PRODUCT_NAME = "$(TARGET_NAME)";
				SDKROOT = auto;
				SUPPORTED_PLATFORMS = "iphoneos iphonesimulator";
				SUPPORTS_MACCATALYST = NO;
				SWIFT_EMIT_LOC_STRINGS = YES;
				SWIFT_VERSION = 5.0;
				TARGETED_DEVICE_FAMILY = 1;
			};
			name = Release;
		};
		114101942C881D9A00768D2B /* Debug */ = {
			isa = XCBuildConfiguration;
			buildSettings = {
				ALWAYS_EMBED_SWIFT_STANDARD_LIBRARIES = YES;
				BUNDLE_LOADER = "$(TEST_HOST)";
				CODE_SIGN_STYLE = Automatic;
				CURRENT_PROJECT_VERSION = 1;
				DEVELOPMENT_TEAM = 9RT599643X;
				GENERATE_INFOPLIST_FILE = YES;
				IPHONEOS_DEPLOYMENT_TARGET = 17.5;
				MACOSX_DEPLOYMENT_TARGET = 14.4;
				MARKETING_VERSION = 1.0;
				PRODUCT_BUNDLE_IDENTIFIER = "lionshilov.-DViewerTests";
				PRODUCT_NAME = "$(TARGET_NAME)";
				SDKROOT = auto;
				SUPPORTED_PLATFORMS = "iphoneos iphonesimulator macosx";
				SWIFT_EMIT_LOC_STRINGS = NO;
				SWIFT_VERSION = 5.0;
				TARGETED_DEVICE_FAMILY = "1,2";
				TEST_HOST = "$(BUILT_PRODUCTS_DIR)/3DViewer.app/$(BUNDLE_EXECUTABLE_FOLDER_PATH)/3DViewer";
			};
			name = Debug;
		};
		114101952C881D9A00768D2B /* Release */ = {
			isa = XCBuildConfiguration;
			buildSettings = {
				ALWAYS_EMBED_SWIFT_STANDARD_LIBRARIES = YES;
				BUNDLE_LOADER = "$(TEST_HOST)";
				CODE_SIGN_STYLE = Automatic;
				CURRENT_PROJECT_VERSION = 1;
				DEVELOPMENT_TEAM = 9RT599643X;
				GENERATE_INFOPLIST_FILE = YES;
				IPHONEOS_DEPLOYMENT_TARGET = 17.5;
				MACOSX_DEPLOYMENT_TARGET = 14.4;
				MARKETING_VERSION = 1.0;
				PRODUCT_BUNDLE_IDENTIFIER = "lionshilov.-DViewerTests";
				PRODUCT_NAME = "$(TARGET_NAME)";
				SDKROOT = auto;
				SUPPORTED_PLATFORMS = "iphoneos iphonesimulator macosx";
				SWIFT_EMIT_LOC_STRINGS = NO;
				SWIFT_VERSION = 5.0;
				TARGETED_DEVICE_FAMILY = "1,2";
				TEST_HOST = "$(BUILT_PRODUCTS_DIR)/3DViewer.app/$(BUNDLE_EXECUTABLE_FOLDER_PATH)/3DViewer";
			};
			name = Release;
		};
		114101972C881D9A00768D2B /* Debug */ = {
			isa = XCBuildConfiguration;
			buildSettings = {
				ALWAYS_EMBED_SWIFT_STANDARD_LIBRARIES = YES;
				CODE_SIGN_STYLE = Automatic;
				CURRENT_PROJECT_VERSION = 1;
				DEVELOPMENT_TEAM = 9RT599643X;
				GENERATE_INFOPLIST_FILE = YES;
				IPHONEOS_DEPLOYMENT_TARGET = 17.5;
				MACOSX_DEPLOYMENT_TARGET = 14.4;
				MARKETING_VERSION = 1.0;
				PRODUCT_BUNDLE_IDENTIFIER = "lionshilov.-DViewerUITests";
				PRODUCT_NAME = "$(TARGET_NAME)";
				SDKROOT = auto;
				SUPPORTED_PLATFORMS = "iphoneos iphonesimulator macosx";
				SWIFT_EMIT_LOC_STRINGS = NO;
				SWIFT_VERSION = 5.0;
				TARGETED_DEVICE_FAMILY = "1,2";
				TEST_TARGET_NAME = 3DViewer;
			};
			name = Debug;
		};
		114101982C881D9A00768D2B /* Release */ = {
			isa = XCBuildConfiguration;
			buildSettings = {
				ALWAYS_EMBED_SWIFT_STANDARD_LIBRARIES = YES;
				CODE_SIGN_STYLE = Automatic;
				CURRENT_PROJECT_VERSION = 1;
				DEVELOPMENT_TEAM = 9RT599643X;
				GENERATE_INFOPLIST_FILE = YES;
				IPHONEOS_DEPLOYMENT_TARGET = 17.5;
				MACOSX_DEPLOYMENT_TARGET = 14.4;
				MARKETING_VERSION = 1.0;
				PRODUCT_BUNDLE_IDENTIFIER = "lionshilov.-DViewerUITests";
				PRODUCT_NAME = "$(TARGET_NAME)";
				SDKROOT = auto;
				SUPPORTED_PLATFORMS = "iphoneos iphonesimulator macosx";
				SWIFT_EMIT_LOC_STRINGS = NO;
				SWIFT_VERSION = 5.0;
				TARGETED_DEVICE_FAMILY = "1,2";
				TEST_TARGET_NAME = 3DViewer;
			};
			name = Release;
		};
/* End XCBuildConfiguration section */

/* Begin XCConfigurationList section */
		114101662C881D9900768D2B /* Build configuration list for PBXProject "3DViewer" */ = {
			isa = XCConfigurationList;
			buildConfigurations = (
				1141018E2C881D9A00768D2B /* Debug */,
				1141018F2C881D9A00768D2B /* Release */,
			);
			defaultConfigurationIsVisible = 0;
			defaultConfigurationName = Release;
		};
		114101902C881D9A00768D2B /* Build configuration list for PBXNativeTarget "3DViewer" */ = {
			isa = XCConfigurationList;
			buildConfigurations = (
				114101912C881D9A00768D2B /* Debug */,
				114101922C881D9A00768D2B /* Release */,
			);
			defaultConfigurationIsVisible = 0;
			defaultConfigurationName = Release;
		};
		114101932C881D9A00768D2B /* Build configuration list for PBXNativeTarget "3DViewerTests" */ = {
			isa = XCConfigurationList;
			buildConfigurations = (
				114101942C881D9A00768D2B /* Debug */,
				114101952C881D9A00768D2B /* Release */,
			);
			defaultConfigurationIsVisible = 0;
			defaultConfigurationName = Release;
		};
		114101962C881D9A00768D2B /* Build configuration list for PBXNativeTarget "3DViewerUITests" */ = {
			isa = XCConfigurationList;
			buildConfigurations = (
				114101972C881D9A00768D2B /* Debug */,
				114101982C881D9A00768D2B /* Release */,
			);
			defaultConfigurationIsVisible = 0;
			defaultConfigurationName = Release;
		};
/* End XCConfigurationList section */
	};
	rootObject = 114101632C881D9900768D2B /* Project object */;
}
